
Microsoft Visual Studio Solution File, Format Version 12.00
# Visual Studio Version 17
VisualStudioVersion = 17.3.32901.215
MinimumVisualStudioVersion = 10.0.40219.1
Project("{FAE04EC0-301F-11D3-BF4B-00C04F79EFBC}") = "MDE", "MDE.csproj", "{7BD26A35-C089-46EA-B53C-6198EE8697D2}"
EndProject
Global
	GlobalSection(SolutionConfigurationPlatforms) = preSolution
		Debug|Any CPU = Debug|Any CPU
		Release|Any CPU = Release|Any CPU
	EndGlobalSection
	GlobalSection(ProjectConfigurationPlatforms) = postSolution
		{7BD26A35-C089-46EA-B53C-6198EE8697D2}.Debug|Any CPU.ActiveCfg = Debug|Any CPU
		{7BD26A35-C089-46EA-B53C-6198EE8697D2}.Debug|Any CPU.Build.0 = Debug|Any CPU
		{7BD26A35-C089-46EA-B53C-6198EE8697D2}.Release|Any CPU.ActiveCfg = Release|Any CPU
		{7BD26A35-C089-46EA-B53C-6198EE8697D2}.Release|Any CPU.Build.0 = Release|Any CPU
	EndGlobalSection
	GlobalSection(SolutionProperties) = preSolution
		HideSolutionNode = FALSE
	EndGlobalSection
	GlobalSection(ExtensibilityGlobals) = postSolution
		SolutionGuid = {A5F4C49F-5A42-43F1-ABE0-A3E1CF98E2AE}
	EndGlobalSection
EndGlobal
